// !$*UTF8*$!
{
	archiveVersion = 1;
	classes = {
	};
	objectVersion = 55;
	objects = {

/* Begin PBXBuildFile section */
		300015FC28E9460C0081ACFF /* CoinDataService.swift in Sources */ = {isa = PBXBuildFile; fileRef = 300015FB28E9460C0081ACFF /* CoinDataService.swift */; };
		30032FB928F3550300B82835 /* AddPortfolioView.swift in Sources */ = {isa = PBXBuildFile; fileRef = 30032FB828F3550300B82835 /* AddPortfolioView.swift */; };
		30032FBB28F3557D00B82835 /* HeaderView.swift in Sources */ = {isa = PBXBuildFile; fileRef = 30032FBA28F3557D00B82835 /* HeaderView.swift */; };
		30032FBD28F3634C00B82835 /* Animation.swift in Sources */ = {isa = PBXBuildFile; fileRef = 30032FBC28F3634C00B82835 /* Animation.swift */; };
		30032FBF28F3A1AC00B82835 /* XMarkButton.swift in Sources */ = {isa = PBXBuildFile; fileRef = 30032FBE28F3A1AC00B82835 /* XMarkButton.swift */; };
		3048518728E8A6320006A23B /* HomeViewModel.swift in Sources */ = {isa = PBXBuildFile; fileRef = 3048518628E8A6320006A23B /* HomeViewModel.swift */; };
		304A3C5728F15E2F00D30043 /* MarketStatisticsCard.swift in Sources */ = {isa = PBXBuildFile; fileRef = 304A3C5628F15E2F00D30043 /* MarketStatisticsCard.swift */; };
		304A3C5928F1623400D30043 /* StatisticsModel.swift in Sources */ = {isa = PBXBuildFile; fileRef = 304A3C5828F1623400D30043 /* StatisticsModel.swift */; };
		3050F88D28F449B800B6D307 /* LongButton.swift in Sources */ = {isa = PBXBuildFile; fileRef = 3050F88C28F449B800B6D307 /* LongButton.swift */; };
		3050F88F28F44A2E00B6D307 /* AngularButtonStyle.swift in Sources */ = {isa = PBXBuildFile; fileRef = 3050F88E28F44A2E00B6D307 /* AngularButtonStyle.swift */; };
		3050F89228F44A8B00B6D307 /* StrokeStyle.swift in Sources */ = {isa = PBXBuildFile; fileRef = 3050F89128F44A8B00B6D307 /* StrokeStyle.swift */; };
		3052F74928EE30310089CEC9 /* NetworkingManager.swift in Sources */ = {isa = PBXBuildFile; fileRef = 3052F74828EE30310089CEC9 /* NetworkingManager.swift */; };
		307591C028F4673F005C2A87 /* ExpandableText.swift in Sources */ = {isa = PBXBuildFile; fileRef = 307591BF28F4673F005C2A87 /* ExpandableText.swift */; };
		307591C228F48699005C2A87 /* PreferenceKeys.swift in Sources */ = {isa = PBXBuildFile; fileRef = 307591C128F48699005C2A87 /* PreferenceKeys.swift */; };
		307591C428F486E7005C2A87 /* InputStyle.swift in Sources */ = {isa = PBXBuildFile; fileRef = 307591C328F486E7005C2A87 /* InputStyle.swift */; };
		307DE4A028F0D018000A8B46 /* ScaledFont.swift in Sources */ = {isa = PBXBuildFile; fileRef = 307DE49F28F0D018000A8B46 /* ScaledFont.swift */; };
		3092805D28E924BC00639EA9 /* PortfolioRowViews.swift in Sources */ = {isa = PBXBuildFile; fileRef = 3092805C28E924BC00639EA9 /* PortfolioRowViews.swift */; };
		30A554D328F2325800C6CA36 /* MarketDataModel.swift in Sources */ = {isa = PBXBuildFile; fileRef = 30A554D228F2325800C6CA36 /* MarketDataModel.swift */; };
		30A554D528F2386800C6CA36 /* MarketDataService.swift in Sources */ = {isa = PBXBuildFile; fileRef = 30A554D428F2386800C6CA36 /* MarketDataService.swift */; };
		30BBD82A28E25B440051FC88 /* CircleButtonView.swift in Sources */ = {isa = PBXBuildFile; fileRef = 30BBD82928E25B440051FC88 /* CircleButtonView.swift */; };
		30BD3A6928E86F870060A03E /* CoinModel.swift in Sources */ = {isa = PBXBuildFile; fileRef = 30BD3A6828E86F870060A03E /* CoinModel.swift */; };
		30BD3A6D28E87A480060A03E /* PreviewProvider.swift in Sources */ = {isa = PBXBuildFile; fileRef = 30BD3A6C28E87A480060A03E /* PreviewProvider.swift */; };
		30BD3A6F28E87A720060A03E /* Color.swift in Sources */ = {isa = PBXBuildFile; fileRef = 30BD3A6E28E87A720060A03E /* Color.swift */; };
		30BD3A7128E87E790060A03E /* RoundedCorner.swift in Sources */ = {isa = PBXBuildFile; fileRef = 30BD3A7028E87E790060A03E /* RoundedCorner.swift */; };
		30BD3A7328E8938F0060A03E /* Double.swift in Sources */ = {isa = PBXBuildFile; fileRef = 30BD3A7228E8938F0060A03E /* Double.swift */; };
		30BD3A7528E89AB00060A03E /* CoinRowViews.swift in Sources */ = {isa = PBXBuildFile; fileRef = 30BD3A7428E89AB00060A03E /* CoinRowViews.swift */; };
		30DDA88828E231A600393AB3 /* BrazeApp.swift in Sources */ = {isa = PBXBuildFile; fileRef = 30DDA88728E231A600393AB3 /* BrazeApp.swift */; };
		30DDA88A28E231A600393AB3 /* HomeView.swift in Sources */ = {isa = PBXBuildFile; fileRef = 30DDA88928E231A600393AB3 /* HomeView.swift */; };
		30DDA88F28E231B000393AB3 /* Preview Assets.xcassets in Resources */ = {isa = PBXBuildFile; fileRef = 30DDA88E28E231B000393AB3 /* Preview Assets.xcassets */; };
		30DDA89128E231B000393AB3 /* Persistence.swift in Sources */ = {isa = PBXBuildFile; fileRef = 30DDA89028E231B000393AB3 /* Persistence.swift */; };
		30DDA89428E231B000393AB3 /* Braze.xcdatamodeld in Sources */ = {isa = PBXBuildFile; fileRef = 30DDA89228E231B000393AB3 /* Braze.xcdatamodeld */; };
		30DDA89E28E231B000393AB3 /* BrazeTests.swift in Sources */ = {isa = PBXBuildFile; fileRef = 30DDA89D28E231B000393AB3 /* BrazeTests.swift */; };
		30DDA8A828E231B000393AB3 /* BrazeUITests.swift in Sources */ = {isa = PBXBuildFile; fileRef = 30DDA8A728E231B000393AB3 /* BrazeUITests.swift */; };
		30DDA8AA28E231B000393AB3 /* BrazeUITestsLaunchTests.swift in Sources */ = {isa = PBXBuildFile; fileRef = 30DDA8A928E231B000393AB3 /* BrazeUITestsLaunchTests.swift */; };
		30DDA8B728E2323400393AB3 /* Assets.xcassets in Resources */ = {isa = PBXBuildFile; fileRef = 30DDA8B628E2323400393AB3 /* Assets.xcassets */; };
		30DDA8B828E2323400393AB3 /* Assets.xcassets in Resources */ = {isa = PBXBuildFile; fileRef = 30DDA8B628E2323400393AB3 /* Assets.xcassets */; };
		30DDA8B928E2323400393AB3 /* Assets.xcassets in Resources */ = {isa = PBXBuildFile; fileRef = 30DDA8B628E2323400393AB3 /* Assets.xcassets */; };
		30DDA8BB28E2326700393AB3 /* Extension.swift in Sources */ = {isa = PBXBuildFile; fileRef = 30DDA8BA28E2326700393AB3 /* Extension.swift */; };
		30DDA8BC28E2326700393AB3 /* Extension.swift in Sources */ = {isa = PBXBuildFile; fileRef = 30DDA8BA28E2326700393AB3 /* Extension.swift */; };
		30DDA8BD28E2326700393AB3 /* Extension.swift in Sources */ = {isa = PBXBuildFile; fileRef = 30DDA8BA28E2326700393AB3 /* Extension.swift */; };
		30DDA8BF28E24C1500393AB3 /* ProfileButtons.swift in Sources */ = {isa = PBXBuildFile; fileRef = 30DDA8BE28E24C1500393AB3 /* ProfileButtons.swift */; };
		30F1A7F128F3AC0600415D5D /* CoinLogoView.swift in Sources */ = {isa = PBXBuildFile; fileRef = 30F1A7F028F3AC0600415D5D /* CoinLogoView.swift */; };
		30F1A7F328F3AE7A00415D5D /* NoCoinView.swift in Sources */ = {isa = PBXBuildFile; fileRef = 30F1A7F228F3AE7A00415D5D /* NoCoinView.swift */; };
		30F1A7F528F3BF4000415D5D /* CoinInfoSnippetView.swift in Sources */ = {isa = PBXBuildFile; fileRef = 30F1A7F428F3BF4000415D5D /* CoinInfoSnippetView.swift */; };
		30FC3F9628EF7A48001FD042 /* CoinImageView.swift in Sources */ = {isa = PBXBuildFile; fileRef = 30FC3F9528EF7A48001FD042 /* CoinImageView.swift */; };
		30FC3F9828EF7BBF001FD042 /* CoinImageService.swift in Sources */ = {isa = PBXBuildFile; fileRef = 30FC3F9728EF7BBF001FD042 /* CoinImageService.swift */; };
		30FC3F9A28EF7D76001FD042 /* CoinImageViewModel.swift in Sources */ = {isa = PBXBuildFile; fileRef = 30FC3F9928EF7D76001FD042 /* CoinImageViewModel.swift */; };
		30FC3F9C28EFECB5001FD042 /* LocalFileManager.swift in Sources */ = {isa = PBXBuildFile; fileRef = 30FC3F9B28EFECB5001FD042 /* LocalFileManager.swift */; };
		30FC3F9E28F01318001FD042 /* SearchBarView.swift in Sources */ = {isa = PBXBuildFile; fileRef = 30FC3F9D28F01318001FD042 /* SearchBarView.swift */; };
/* End PBXBuildFile section */

/* Begin PBXContainerItemProxy section */
		30DDA89A28E231B000393AB3 /* PBXContainerItemProxy */ = {
			isa = PBXContainerItemProxy;
			containerPortal = 30DDA87C28E231A600393AB3 /* Project object */;
			proxyType = 1;
			remoteGlobalIDString = 30DDA88328E231A600393AB3;
			remoteInfo = Braze;
		};
		30DDA8A428E231B000393AB3 /* PBXContainerItemProxy */ = {
			isa = PBXContainerItemProxy;
			containerPortal = 30DDA87C28E231A600393AB3 /* Project object */;
			proxyType = 1;
			remoteGlobalIDString = 30DDA88328E231A600393AB3;
			remoteInfo = Braze;
		};
/* End PBXContainerItemProxy section */

/* Begin PBXFileReference section */
		300015FB28E9460C0081ACFF /* CoinDataService.swift */ = {isa = PBXFileReference; lastKnownFileType = sourcecode.swift; path = CoinDataService.swift; sourceTree = "<group>"; };
		30032FB828F3550300B82835 /* AddPortfolioView.swift */ = {isa = PBXFileReference; lastKnownFileType = sourcecode.swift; path = AddPortfolioView.swift; sourceTree = "<group>"; };
		30032FBA28F3557D00B82835 /* HeaderView.swift */ = {isa = PBXFileReference; lastKnownFileType = sourcecode.swift; path = HeaderView.swift; sourceTree = "<group>"; };
		30032FBC28F3634C00B82835 /* Animation.swift */ = {isa = PBXFileReference; lastKnownFileType = sourcecode.swift; path = Animation.swift; sourceTree = "<group>"; };
		30032FBE28F3A1AC00B82835 /* XMarkButton.swift */ = {isa = PBXFileReference; lastKnownFileType = sourcecode.swift; path = XMarkButton.swift; sourceTree = "<group>"; };
		3048518628E8A6320006A23B /* HomeViewModel.swift */ = {isa = PBXFileReference; lastKnownFileType = sourcecode.swift; path = HomeViewModel.swift; sourceTree = "<group>"; };
		304A3C5628F15E2F00D30043 /* MarketStatisticsCard.swift */ = {isa = PBXFileReference; lastKnownFileType = sourcecode.swift; path = MarketStatisticsCard.swift; sourceTree = "<group>"; };
		304A3C5828F1623400D30043 /* StatisticsModel.swift */ = {isa = PBXFileReference; lastKnownFileType = sourcecode.swift; path = StatisticsModel.swift; sourceTree = "<group>"; };
		3050F88C28F449B800B6D307 /* LongButton.swift */ = {isa = PBXFileReference; lastKnownFileType = sourcecode.swift; path = LongButton.swift; sourceTree = "<group>"; };
		3050F88E28F44A2E00B6D307 /* AngularButtonStyle.swift */ = {isa = PBXFileReference; lastKnownFileType = sourcecode.swift; path = AngularButtonStyle.swift; sourceTree = "<group>"; };
		3050F89128F44A8B00B6D307 /* StrokeStyle.swift */ = {isa = PBXFileReference; lastKnownFileType = sourcecode.swift; path = StrokeStyle.swift; sourceTree = "<group>"; };
		3052F74828EE30310089CEC9 /* NetworkingManager.swift */ = {isa = PBXFileReference; lastKnownFileType = sourcecode.swift; path = NetworkingManager.swift; sourceTree = "<group>"; };
		307591BF28F4673F005C2A87 /* ExpandableText.swift */ = {isa = PBXFileReference; lastKnownFileType = sourcecode.swift; path = ExpandableText.swift; sourceTree = "<group>"; };
		307591C128F48699005C2A87 /* PreferenceKeys.swift */ = {isa = PBXFileReference; lastKnownFileType = sourcecode.swift; path = PreferenceKeys.swift; sourceTree = "<group>"; };
		307591C328F486E7005C2A87 /* InputStyle.swift */ = {isa = PBXFileReference; lastKnownFileType = sourcecode.swift; path = InputStyle.swift; sourceTree = "<group>"; };
		307DE49F28F0D018000A8B46 /* ScaledFont.swift */ = {isa = PBXFileReference; lastKnownFileType = sourcecode.swift; path = ScaledFont.swift; sourceTree = "<group>"; };
		3092805C28E924BC00639EA9 /* PortfolioRowViews.swift */ = {isa = PBXFileReference; lastKnownFileType = sourcecode.swift; path = PortfolioRowViews.swift; sourceTree = "<group>"; };
		30A554D228F2325800C6CA36 /* MarketDataModel.swift */ = {isa = PBXFileReference; lastKnownFileType = sourcecode.swift; path = MarketDataModel.swift; sourceTree = "<group>"; };
		30A554D428F2386800C6CA36 /* MarketDataService.swift */ = {isa = PBXFileReference; lastKnownFileType = sourcecode.swift; path = MarketDataService.swift; sourceTree = "<group>"; };
		30BBD82928E25B440051FC88 /* CircleButtonView.swift */ = {isa = PBXFileReference; lastKnownFileType = sourcecode.swift; path = CircleButtonView.swift; sourceTree = "<group>"; };
		30BD3A6828E86F870060A03E /* CoinModel.swift */ = {isa = PBXFileReference; fileEncoding = 4; lastKnownFileType = sourcecode.swift; name = CoinModel.swift; path = ../../../Resources/Models/CoinModel.swift; sourceTree = "<group>"; };
		30BD3A6C28E87A480060A03E /* PreviewProvider.swift */ = {isa = PBXFileReference; lastKnownFileType = sourcecode.swift; path = PreviewProvider.swift; sourceTree = "<group>"; };
		30BD3A6E28E87A720060A03E /* Color.swift */ = {isa = PBXFileReference; lastKnownFileType = sourcecode.swift; path = Color.swift; sourceTree = "<group>"; };
		30BD3A7028E87E790060A03E /* RoundedCorner.swift */ = {isa = PBXFileReference; lastKnownFileType = sourcecode.swift; path = RoundedCorner.swift; sourceTree = "<group>"; };
		30BD3A7228E8938F0060A03E /* Double.swift */ = {isa = PBXFileReference; lastKnownFileType = sourcecode.swift; path = Double.swift; sourceTree = "<group>"; };
		30BD3A7428E89AB00060A03E /* CoinRowViews.swift */ = {isa = PBXFileReference; lastKnownFileType = sourcecode.swift; path = CoinRowViews.swift; sourceTree = "<group>"; };
		30DDA88428E231A600393AB3 /* Braze.app */ = {isa = PBXFileReference; explicitFileType = wrapper.application; includeInIndex = 0; path = Braze.app; sourceTree = BUILT_PRODUCTS_DIR; };
		30DDA88728E231A600393AB3 /* BrazeApp.swift */ = {isa = PBXFileReference; lastKnownFileType = sourcecode.swift; path = BrazeApp.swift; sourceTree = "<group>"; };
		30DDA88928E231A600393AB3 /* HomeView.swift */ = {isa = PBXFileReference; lastKnownFileType = sourcecode.swift; path = HomeView.swift; sourceTree = "<group>"; };
		30DDA88E28E231B000393AB3 /* Preview Assets.xcassets */ = {isa = PBXFileReference; lastKnownFileType = folder.assetcatalog; path = "Preview Assets.xcassets"; sourceTree = "<group>"; };
		30DDA89028E231B000393AB3 /* Persistence.swift */ = {isa = PBXFileReference; lastKnownFileType = sourcecode.swift; path = Persistence.swift; sourceTree = "<group>"; };
		30DDA89328E231B000393AB3 /* Braze.xcdatamodel */ = {isa = PBXFileReference; lastKnownFileType = wrapper.xcdatamodel; path = Braze.xcdatamodel; sourceTree = "<group>"; };
		30DDA89928E231B000393AB3 /* BrazeTests.xctest */ = {isa = PBXFileReference; explicitFileType = wrapper.cfbundle; includeInIndex = 0; path = BrazeTests.xctest; sourceTree = BUILT_PRODUCTS_DIR; };
		30DDA89D28E231B000393AB3 /* BrazeTests.swift */ = {isa = PBXFileReference; lastKnownFileType = sourcecode.swift; path = BrazeTests.swift; sourceTree = "<group>"; };
		30DDA8A328E231B000393AB3 /* BrazeUITests.xctest */ = {isa = PBXFileReference; explicitFileType = wrapper.cfbundle; includeInIndex = 0; path = BrazeUITests.xctest; sourceTree = BUILT_PRODUCTS_DIR; };
		30DDA8A728E231B000393AB3 /* BrazeUITests.swift */ = {isa = PBXFileReference; lastKnownFileType = sourcecode.swift; path = BrazeUITests.swift; sourceTree = "<group>"; };
		30DDA8A928E231B000393AB3 /* BrazeUITestsLaunchTests.swift */ = {isa = PBXFileReference; lastKnownFileType = sourcecode.swift; path = BrazeUITestsLaunchTests.swift; sourceTree = "<group>"; };
		30DDA8B628E2323400393AB3 /* Assets.xcassets */ = {isa = PBXFileReference; lastKnownFileType = folder.assetcatalog; name = Assets.xcassets; path = ../../Resources/Assets.xcassets; sourceTree = "<group>"; };
		30DDA8BA28E2326700393AB3 /* Extension.swift */ = {isa = PBXFileReference; lastKnownFileType = sourcecode.swift; path = Extension.swift; sourceTree = "<group>"; };
		30DDA8BE28E24C1500393AB3 /* ProfileButtons.swift */ = {isa = PBXFileReference; lastKnownFileType = sourcecode.swift; path = ProfileButtons.swift; sourceTree = "<group>"; };
		30F1A7F028F3AC0600415D5D /* CoinLogoView.swift */ = {isa = PBXFileReference; lastKnownFileType = sourcecode.swift; path = CoinLogoView.swift; sourceTree = "<group>"; };
		30F1A7F228F3AE7A00415D5D /* NoCoinView.swift */ = {isa = PBXFileReference; lastKnownFileType = sourcecode.swift; path = NoCoinView.swift; sourceTree = "<group>"; };
		30F1A7F428F3BF4000415D5D /* CoinInfoSnippetView.swift */ = {isa = PBXFileReference; lastKnownFileType = sourcecode.swift; path = CoinInfoSnippetView.swift; sourceTree = "<group>"; };
		30FC3F9528EF7A48001FD042 /* CoinImageView.swift */ = {isa = PBXFileReference; lastKnownFileType = sourcecode.swift; path = CoinImageView.swift; sourceTree = "<group>"; };
		30FC3F9728EF7BBF001FD042 /* CoinImageService.swift */ = {isa = PBXFileReference; lastKnownFileType = sourcecode.swift; path = CoinImageService.swift; sourceTree = "<group>"; };
		30FC3F9928EF7D76001FD042 /* CoinImageViewModel.swift */ = {isa = PBXFileReference; lastKnownFileType = sourcecode.swift; path = CoinImageViewModel.swift; sourceTree = "<group>"; };
		30FC3F9B28EFECB5001FD042 /* LocalFileManager.swift */ = {isa = PBXFileReference; lastKnownFileType = sourcecode.swift; path = LocalFileManager.swift; sourceTree = "<group>"; };
		30FC3F9D28F01318001FD042 /* SearchBarView.swift */ = {isa = PBXFileReference; lastKnownFileType = sourcecode.swift; path = SearchBarView.swift; sourceTree = "<group>"; };
/* End PBXFileReference section */

/* Begin PBXFrameworksBuildPhase section */
		30DDA88128E231A600393AB3 /* Frameworks */ = {
			isa = PBXFrameworksBuildPhase;
			buildActionMask = 2147483647;
			files = (
			);
			runOnlyForDeploymentPostprocessing = 0;
		};
		30DDA89628E231B000393AB3 /* Frameworks */ = {
			isa = PBXFrameworksBuildPhase;
			buildActionMask = 2147483647;
			files = (
			);
			runOnlyForDeploymentPostprocessing = 0;
		};
		30DDA8A028E231B000393AB3 /* Frameworks */ = {
			isa = PBXFrameworksBuildPhase;
			buildActionMask = 2147483647;
			files = (
			);
			runOnlyForDeploymentPostprocessing = 0;
		};
/* End PBXFrameworksBuildPhase section */

/* Begin PBXGroup section */
		300015FA28E945E00081ACFF /* Services */ = {
			isa = PBXGroup;
			children = (
				300015FB28E9460C0081ACFF /* CoinDataService.swift */,
				30FC3F9728EF7BBF001FD042 /* CoinImageService.swift */,
				30A554D428F2386800C6CA36 /* MarketDataService.swift */,
			);
			path = Services;
			sourceTree = "<group>";
		};
		3050F89028F44A3400B6D307 /* Styles */ = {
			isa = PBXGroup;
			children = (
				30BD3A7028E87E790060A03E /* RoundedCorner.swift */,
				3050F88E28F44A2E00B6D307 /* AngularButtonStyle.swift */,
				3050F89128F44A8B00B6D307 /* StrokeStyle.swift */,
				307591C328F486E7005C2A87 /* InputStyle.swift */,
			);
			path = Styles;
			sourceTree = "<group>";
		};
		3052F74728EE2FFD0089CEC9 /* Utilities */ = {
			isa = PBXGroup;
			children = (
				3052F74828EE30310089CEC9 /* NetworkingManager.swift */,
				30FC3F9B28EFECB5001FD042 /* LocalFileManager.swift */,
				307591C128F48699005C2A87 /* PreferenceKeys.swift */,
			);
			path = Utilities;
			sourceTree = "<group>";
		};
		30BBD82428E25A160051FC88 /* Home */ = {
			isa = PBXGroup;
			children = (
				30DDA8C228E257BB00393AB3 /* Views */,
				30BBD82528E25A470051FC88 /* ViewModels */,
			);
			path = Home;
			sourceTree = "<group>";
		};
		30BBD82528E25A470051FC88 /* ViewModels */ = {
			isa = PBXGroup;
			children = (
				3048518628E8A6320006A23B /* HomeViewModel.swift */,
			);
			path = ViewModels;
			sourceTree = "<group>";
		};
		30BBD82628E25A730051FC88 /* Components */ = {
			isa = PBXGroup;
			children = (
				30FC3F9428EF7A2E001FD042 /* CoinImage */,
				30BBD82728E25A810051FC88 /* Buttons */,
				304A3C5628F15E2F00D30043 /* MarketStatisticsCard.swift */,
				30032FBA28F3557D00B82835 /* HeaderView.swift */,
				30FC3F9D28F01318001FD042 /* SearchBarView.swift */,
				307591BF28F4673F005C2A87 /* ExpandableText.swift */,
			);
			path = Components;
			sourceTree = "<group>";
		};
		30BBD82728E25A810051FC88 /* Buttons */ = {
			isa = PBXGroup;
			children = (
				30DDA8BE28E24C1500393AB3 /* ProfileButtons.swift */,
				30BBD82928E25B440051FC88 /* CircleButtonView.swift */,
				30032FBE28F3A1AC00B82835 /* XMarkButton.swift */,
				3050F88C28F449B800B6D307 /* LongButton.swift */,
			);
			path = Buttons;
			sourceTree = "<group>";
		};
		30BBD82828E25AD60051FC88 /* Extensions */ = {
			isa = PBXGroup;
			children = (
				30DDA8BA28E2326700393AB3 /* Extension.swift */,
				30BD3A6C28E87A480060A03E /* PreviewProvider.swift */,
				30BD3A6E28E87A720060A03E /* Color.swift */,
				30BD3A7228E8938F0060A03E /* Double.swift */,
				307DE49F28F0D018000A8B46 /* ScaledFont.swift */,
				30032FBC28F3634C00B82835 /* Animation.swift */,
			);
			path = Extensions;
			sourceTree = "<group>";
		};
		30BD3A6728E867530060A03E /* Models */ = {
			isa = PBXGroup;
			children = (
				30BD3A6828E86F870060A03E /* CoinModel.swift */,
				304A3C5828F1623400D30043 /* StatisticsModel.swift */,
				30A554D228F2325800C6CA36 /* MarketDataModel.swift */,
			);
			path = Models;
			sourceTree = "<group>";
		};
		30DDA87B28E231A600393AB3 = {
			isa = PBXGroup;
			children = (
				30DDA88628E231A600393AB3 /* Braze */,
				30DDA89C28E231B000393AB3 /* BrazeTests */,
				30DDA8A628E231B000393AB3 /* BrazeUITests */,
				30DDA88528E231A600393AB3 /* Products */,
			);
			sourceTree = "<group>";
		};
		30DDA88528E231A600393AB3 /* Products */ = {
			isa = PBXGroup;
			children = (
				30DDA88428E231A600393AB3 /* Braze.app */,
				30DDA89928E231B000393AB3 /* BrazeTests.xctest */,
				30DDA8A328E231B000393AB3 /* BrazeUITests.xctest */,
			);
			name = Products;
			sourceTree = "<group>";
		};
		30DDA88628E231A600393AB3 /* Braze */ = {
			isa = PBXGroup;
			children = (
				30DDA88728E231A600393AB3 /* BrazeApp.swift */,
				3052F74728EE2FFD0089CEC9 /* Utilities */,
				300015FA28E945E00081ACFF /* Services */,
				30BBD82628E25A730051FC88 /* Components */,
				30BD3A6728E867530060A03E /* Models */,
				30BBD82428E25A160051FC88 /* Home */,
				30DDA88D28E231B000393AB3 /* Preview Content */,
				30BBD82828E25AD60051FC88 /* Extensions */,
				30DDA89228E231B000393AB3 /* Braze.xcdatamodeld */,
				30DDA89028E231B000393AB3 /* Persistence.swift */,
				30DDA8B628E2323400393AB3 /* Assets.xcassets */,
				3050F89028F44A3400B6D307 /* Styles */,
			);
			path = Braze;
			sourceTree = "<group>";
		};
		30DDA88D28E231B000393AB3 /* Preview Content */ = {
			isa = PBXGroup;
			children = (
				30DDA88E28E231B000393AB3 /* Preview Assets.xcassets */,
			);
			path = "Preview Content";
			sourceTree = "<group>";
		};
		30DDA89C28E231B000393AB3 /* BrazeTests */ = {
			isa = PBXGroup;
			children = (
				30DDA89D28E231B000393AB3 /* BrazeTests.swift */,
			);
			path = BrazeTests;
			sourceTree = "<group>";
		};
		30DDA8A628E231B000393AB3 /* BrazeUITests */ = {
			isa = PBXGroup;
			children = (
				30DDA8A728E231B000393AB3 /* BrazeUITests.swift */,
				30DDA8A928E231B000393AB3 /* BrazeUITestsLaunchTests.swift */,
			);
			path = BrazeUITests;
			sourceTree = "<group>";
		};
		30DDA8C228E257BB00393AB3 /* Views */ = {
			isa = PBXGroup;
			children = (
				30DDA88928E231A600393AB3 /* HomeView.swift */,
				30BD3A7428E89AB00060A03E /* CoinRowViews.swift */,
				3092805C28E924BC00639EA9 /* PortfolioRowViews.swift */,
				30032FB828F3550300B82835 /* AddPortfolioView.swift */,
				30F1A7F428F3BF4000415D5D /* CoinInfoSnippetView.swift */,
				30F1A7F228F3AE7A00415D5D /* NoCoinView.swift */,
			);
			path = Views;
			sourceTree = "<group>";
		};
		30FC3F9428EF7A2E001FD042 /* CoinImage */ = {
			isa = PBXGroup;
			children = (
				30FC3F9528EF7A48001FD042 /* CoinImageView.swift */,
				30FC3F9928EF7D76001FD042 /* CoinImageViewModel.swift */,
				30F1A7F028F3AC0600415D5D /* CoinLogoView.swift */,
			);
			path = CoinImage;
			sourceTree = "<group>";
		};
/* End PBXGroup section */

/* Begin PBXNativeTarget section */
		30DDA88328E231A600393AB3 /* Braze */ = {
			isa = PBXNativeTarget;
			buildConfigurationList = 30DDA8AD28E231B000393AB3 /* Build configuration list for PBXNativeTarget "Braze" */;
			buildPhases = (
				30DDA88028E231A600393AB3 /* Sources */,
				30DDA88128E231A600393AB3 /* Frameworks */,
				30DDA88228E231A600393AB3 /* Resources */,
			);
			buildRules = (
			);
			dependencies = (
			);
			name = Braze;
			productName = Braze;
			productReference = 30DDA88428E231A600393AB3 /* Braze.app */;
			productType = "com.apple.product-type.application";
		};
		30DDA89828E231B000393AB3 /* BrazeTests */ = {
			isa = PBXNativeTarget;
			buildConfigurationList = 30DDA8B028E231B000393AB3 /* Build configuration list for PBXNativeTarget "BrazeTests" */;
			buildPhases = (
				30DDA89528E231B000393AB3 /* Sources */,
				30DDA89628E231B000393AB3 /* Frameworks */,
				30DDA89728E231B000393AB3 /* Resources */,
			);
			buildRules = (
			);
			dependencies = (
				30DDA89B28E231B000393AB3 /* PBXTargetDependency */,
			);
			name = BrazeTests;
			productName = BrazeTests;
			productReference = 30DDA89928E231B000393AB3 /* BrazeTests.xctest */;
			productType = "com.apple.product-type.bundle.unit-test";
		};
		30DDA8A228E231B000393AB3 /* BrazeUITests */ = {
			isa = PBXNativeTarget;
			buildConfigurationList = 30DDA8B328E231B000393AB3 /* Build configuration list for PBXNativeTarget "BrazeUITests" */;
			buildPhases = (
				30DDA89F28E231B000393AB3 /* Sources */,
				30DDA8A028E231B000393AB3 /* Frameworks */,
				30DDA8A128E231B000393AB3 /* Resources */,
			);
			buildRules = (
			);
			dependencies = (
				30DDA8A528E231B000393AB3 /* PBXTargetDependency */,
			);
			name = BrazeUITests;
			productName = BrazeUITests;
			productReference = 30DDA8A328E231B000393AB3 /* BrazeUITests.xctest */;
			productType = "com.apple.product-type.bundle.ui-testing";
		};
/* End PBXNativeTarget section */

/* Begin PBXProject section */
		30DDA87C28E231A600393AB3 /* Project object */ = {
			isa = PBXProject;
			attributes = {
				BuildIndependentTargetsInParallel = 1;
				LastSwiftUpdateCheck = 1320;
				LastUpgradeCheck = 1320;
				TargetAttributes = {
					30DDA88328E231A600393AB3 = {
						CreatedOnToolsVersion = 13.2.1;
					};
					30DDA89828E231B000393AB3 = {
						CreatedOnToolsVersion = 13.2.1;
						TestTargetID = 30DDA88328E231A600393AB3;
					};
					30DDA8A228E231B000393AB3 = {
						CreatedOnToolsVersion = 13.2.1;
						TestTargetID = 30DDA88328E231A600393AB3;
					};
				};
			};
			buildConfigurationList = 30DDA87F28E231A600393AB3 /* Build configuration list for PBXProject "Braze" */;
			compatibilityVersion = "Xcode 13.0";
			developmentRegion = en;
			hasScannedForEncodings = 0;
			knownRegions = (
				en,
				Base,
			);
			mainGroup = 30DDA87B28E231A600393AB3;
			productRefGroup = 30DDA88528E231A600393AB3 /* Products */;
			projectDirPath = "";
			projectRoot = "";
			targets = (
				30DDA88328E231A600393AB3 /* Braze */,
				30DDA89828E231B000393AB3 /* BrazeTests */,
				30DDA8A228E231B000393AB3 /* BrazeUITests */,
			);
		};
/* End PBXProject section */

/* Begin PBXResourcesBuildPhase section */
		30DDA88228E231A600393AB3 /* Resources */ = {
			isa = PBXResourcesBuildPhase;
			buildActionMask = 2147483647;
			files = (
				30DDA88F28E231B000393AB3 /* Preview Assets.xcassets in Resources */,
				30DDA8B728E2323400393AB3 /* Assets.xcassets in Resources */,
			);
			runOnlyForDeploymentPostprocessing = 0;
		};
		30DDA89728E231B000393AB3 /* Resources */ = {
			isa = PBXResourcesBuildPhase;
			buildActionMask = 2147483647;
			files = (
				30DDA8B828E2323400393AB3 /* Assets.xcassets in Resources */,
			);
			runOnlyForDeploymentPostprocessing = 0;
		};
		30DDA8A128E231B000393AB3 /* Resources */ = {
			isa = PBXResourcesBuildPhase;
			buildActionMask = 2147483647;
			files = (
				30DDA8B928E2323400393AB3 /* Assets.xcassets in Resources */,
			);
			runOnlyForDeploymentPostprocessing = 0;
		};
/* End PBXResourcesBuildPhase section */

/* Begin PBXSourcesBuildPhase section */
		30DDA88028E231A600393AB3 /* Sources */ = {
			isa = PBXSourcesBuildPhase;
			buildActionMask = 2147483647;
			files = (
				3052F74928EE30310089CEC9 /* NetworkingManager.swift in Sources */,
				30BD3A7128E87E790060A03E /* RoundedCorner.swift in Sources */,
				30DDA8BB28E2326700393AB3 /* Extension.swift in Sources */,
				3092805D28E924BC00639EA9 /* PortfolioRowViews.swift in Sources */,
				30DDA89128E231B000393AB3 /* Persistence.swift in Sources */,
				30FC3F9628EF7A48001FD042 /* CoinImageView.swift in Sources */,
				300015FC28E9460C0081ACFF /* CoinDataService.swift in Sources */,
				30BD3A6F28E87A720060A03E /* Color.swift in Sources */,
				30BD3A7528E89AB00060A03E /* CoinRowViews.swift in Sources */,
				304A3C5728F15E2F00D30043 /* MarketStatisticsCard.swift in Sources */,
				307591C028F4673F005C2A87 /* ExpandableText.swift in Sources */,
				307DE4A028F0D018000A8B46 /* ScaledFont.swift in Sources */,
				30A554D528F2386800C6CA36 /* MarketDataService.swift in Sources */,
				3050F89228F44A8B00B6D307 /* StrokeStyle.swift in Sources */,
				30BD3A7328E8938F0060A03E /* Double.swift in Sources */,
				30BBD82A28E25B440051FC88 /* CircleButtonView.swift in Sources */,
				30DDA88A28E231A600393AB3 /* HomeView.swift in Sources */,
				30032FB928F3550300B82835 /* AddPortfolioView.swift in Sources */,
				30FC3F9828EF7BBF001FD042 /* CoinImageService.swift in Sources */,
				3050F88D28F449B800B6D307 /* LongButton.swift in Sources */,
				3050F88F28F44A2E00B6D307 /* AngularButtonStyle.swift in Sources */,
				30DDA8BF28E24C1500393AB3 /* ProfileButtons.swift in Sources */,
				30DDA89428E231B000393AB3 /* Braze.xcdatamodeld in Sources */,
				30FC3F9A28EF7D76001FD042 /* CoinImageViewModel.swift in Sources */,
				30032FBF28F3A1AC00B82835 /* XMarkButton.swift in Sources */,
				307591C228F48699005C2A87 /* PreferenceKeys.swift in Sources */,
				30032FBB28F3557D00B82835 /* HeaderView.swift in Sources */,
				30F1A7F128F3AC0600415D5D /* CoinLogoView.swift in Sources */,
				3048518728E8A6320006A23B /* HomeViewModel.swift in Sources */,
				30A554D328F2325800C6CA36 /* MarketDataModel.swift in Sources */,
				30BD3A6928E86F870060A03E /* CoinModel.swift in Sources */,
				30FC3F9E28F01318001FD042 /* SearchBarView.swift in Sources */,
				30DDA88828E231A600393AB3 /* BrazeApp.swift in Sources */,
				30BD3A6D28E87A480060A03E /* PreviewProvider.swift in Sources */,
				30F1A7F328F3AE7A00415D5D /* NoCoinView.swift in Sources */,
				304A3C5928F1623400D30043 /* StatisticsModel.swift in Sources */,
				307591C428F486E7005C2A87 /* InputStyle.swift in Sources */,
				30F1A7F528F3BF4000415D5D /* CoinInfoSnippetView.swift in Sources */,
				30032FBD28F3634C00B82835 /* Animation.swift in Sources */,
				30FC3F9C28EFECB5001FD042 /* LocalFileManager.swift in Sources */,
			);
			runOnlyForDeploymentPostprocessing = 0;
		};
		30DDA89528E231B000393AB3 /* Sources */ = {
			isa = PBXSourcesBuildPhase;
			buildActionMask = 2147483647;
			files = (
				30DDA89E28E231B000393AB3 /* BrazeTests.swift in Sources */,
				30DDA8BC28E2326700393AB3 /* Extension.swift in Sources */,
			);
			runOnlyForDeploymentPostprocessing = 0;
		};
		30DDA89F28E231B000393AB3 /* Sources */ = {
			isa = PBXSourcesBuildPhase;
			buildActionMask = 2147483647;
			files = (
				30DDA8BD28E2326700393AB3 /* Extension.swift in Sources */,
				30DDA8A828E231B000393AB3 /* BrazeUITests.swift in Sources */,
				30DDA8AA28E231B000393AB3 /* BrazeUITestsLaunchTests.swift in Sources */,
			);
			runOnlyForDeploymentPostprocessing = 0;
		};
/* End PBXSourcesBuildPhase section */

/* Begin PBXTargetDependency section */
		30DDA89B28E231B000393AB3 /* PBXTargetDependency */ = {
			isa = PBXTargetDependency;
			target = 30DDA88328E231A600393AB3 /* Braze */;
			targetProxy = 30DDA89A28E231B000393AB3 /* PBXContainerItemProxy */;
		};
		30DDA8A528E231B000393AB3 /* PBXTargetDependency */ = {
			isa = PBXTargetDependency;
			target = 30DDA88328E231A600393AB3 /* Braze */;
			targetProxy = 30DDA8A428E231B000393AB3 /* PBXContainerItemProxy */;
		};
/* End PBXTargetDependency section */

/* Begin XCBuildConfiguration section */
		30DDA8AB28E231B000393AB3 /* Debug */ = {
			isa = XCBuildConfiguration;
			buildSettings = {
				ALWAYS_SEARCH_USER_PATHS = NO;
				CLANG_ANALYZER_NONNULL = YES;
				CLANG_ANALYZER_NUMBER_OBJECT_CONVERSION = YES_AGGRESSIVE;
				CLANG_CXX_LANGUAGE_STANDARD = "gnu++17";
				CLANG_CXX_LIBRARY = "libc++";
				CLANG_ENABLE_MODULES = YES;
				CLANG_ENABLE_OBJC_ARC = YES;
				CLANG_ENABLE_OBJC_WEAK = YES;
				CLANG_WARN_BLOCK_CAPTURE_AUTORELEASING = YES;
				CLANG_WARN_BOOL_CONVERSION = YES;
				CLANG_WARN_COMMA = YES;
				CLANG_WARN_CONSTANT_CONVERSION = YES;
				CLANG_WARN_DEPRECATED_OBJC_IMPLEMENTATIONS = YES;
				CLANG_WARN_DIRECT_OBJC_ISA_USAGE = YES_ERROR;
				CLANG_WARN_DOCUMENTATION_COMMENTS = YES;
				CLANG_WARN_EMPTY_BODY = YES;
				CLANG_WARN_ENUM_CONVERSION = YES;
				CLANG_WARN_INFINITE_RECURSION = YES;
				CLANG_WARN_INT_CONVERSION = YES;
				CLANG_WARN_NON_LITERAL_NULL_CONVERSION = YES;
				CLANG_WARN_OBJC_IMPLICIT_RETAIN_SELF = YES;
				CLANG_WARN_OBJC_LITERAL_CONVERSION = YES;
				CLANG_WARN_OBJC_ROOT_CLASS = YES_ERROR;
				CLANG_WARN_QUOTED_INCLUDE_IN_FRAMEWORK_HEADER = YES;
				CLANG_WARN_RANGE_LOOP_ANALYSIS = YES;
				CLANG_WARN_STRICT_PROTOTYPES = YES;
				CLANG_WARN_SUSPICIOUS_MOVE = YES;
				CLANG_WARN_UNGUARDED_AVAILABILITY = YES_AGGRESSIVE;
				CLANG_WARN_UNREACHABLE_CODE = YES;
				CLANG_WARN__DUPLICATE_METHOD_MATCH = YES;
				COPY_PHASE_STRIP = NO;
				DEBUG_INFORMATION_FORMAT = dwarf;
				ENABLE_STRICT_OBJC_MSGSEND = YES;
				ENABLE_TESTABILITY = YES;
				GCC_C_LANGUAGE_STANDARD = gnu11;
				GCC_DYNAMIC_NO_PIC = NO;
				GCC_NO_COMMON_BLOCKS = YES;
				GCC_OPTIMIZATION_LEVEL = 0;
				GCC_PREPROCESSOR_DEFINITIONS = (
					"DEBUG=1",
					"$(inherited)",
				);
				GCC_WARN_64_TO_32_BIT_CONVERSION = YES;
				GCC_WARN_ABOUT_RETURN_TYPE = YES_ERROR;
				GCC_WARN_UNDECLARED_SELECTOR = YES;
				GCC_WARN_UNINITIALIZED_AUTOS = YES_AGGRESSIVE;
				GCC_WARN_UNUSED_FUNCTION = YES;
				GCC_WARN_UNUSED_VARIABLE = YES;
				IPHONEOS_DEPLOYMENT_TARGET = 15.2;
				MTL_ENABLE_DEBUG_INFO = INCLUDE_SOURCE;
				MTL_FAST_MATH = YES;
				ONLY_ACTIVE_ARCH = YES;
				SDKROOT = iphoneos;
				SWIFT_ACTIVE_COMPILATION_CONDITIONS = DEBUG;
				SWIFT_OPTIMIZATION_LEVEL = "-Onone";
			};
			name = Debug;
		};
		30DDA8AC28E231B000393AB3 /* Release */ = {
			isa = XCBuildConfiguration;
			buildSettings = {
				ALWAYS_SEARCH_USER_PATHS = NO;
				CLANG_ANALYZER_NONNULL = YES;
				CLANG_ANALYZER_NUMBER_OBJECT_CONVERSION = YES_AGGRESSIVE;
				CLANG_CXX_LANGUAGE_STANDARD = "gnu++17";
				CLANG_CXX_LIBRARY = "libc++";
				CLANG_ENABLE_MODULES = YES;
				CLANG_ENABLE_OBJC_ARC = YES;
				CLANG_ENABLE_OBJC_WEAK = YES;
				CLANG_WARN_BLOCK_CAPTURE_AUTORELEASING = YES;
				CLANG_WARN_BOOL_CONVERSION = YES;
				CLANG_WARN_COMMA = YES;
				CLANG_WARN_CONSTANT_CONVERSION = YES;
				CLANG_WARN_DEPRECATED_OBJC_IMPLEMENTATIONS = YES;
				CLANG_WARN_DIRECT_OBJC_ISA_USAGE = YES_ERROR;
				CLANG_WARN_DOCUMENTATION_COMMENTS = YES;
				CLANG_WARN_EMPTY_BODY = YES;
				CLANG_WARN_ENUM_CONVERSION = YES;
				CLANG_WARN_INFINITE_RECURSION = YES;
				CLANG_WARN_INT_CONVERSION = YES;
				CLANG_WARN_NON_LITERAL_NULL_CONVERSION = YES;
				CLANG_WARN_OBJC_IMPLICIT_RETAIN_SELF = YES;
				CLANG_WARN_OBJC_LITERAL_CONVERSION = YES;
				CLANG_WARN_OBJC_ROOT_CLASS = YES_ERROR;
				CLANG_WARN_QUOTED_INCLUDE_IN_FRAMEWORK_HEADER = YES;
				CLANG_WARN_RANGE_LOOP_ANALYSIS = YES;
				CLANG_WARN_STRICT_PROTOTYPES = YES;
				CLANG_WARN_SUSPICIOUS_MOVE = YES;
				CLANG_WARN_UNGUARDED_AVAILABILITY = YES_AGGRESSIVE;
				CLANG_WARN_UNREACHABLE_CODE = YES;
				CLANG_WARN__DUPLICATE_METHOD_MATCH = YES;
				COPY_PHASE_STRIP = NO;
				DEBUG_INFORMATION_FORMAT = "dwarf-with-dsym";
				ENABLE_NS_ASSERTIONS = NO;
				ENABLE_STRICT_OBJC_MSGSEND = YES;
				GCC_C_LANGUAGE_STANDARD = gnu11;
				GCC_NO_COMMON_BLOCKS = YES;
				GCC_WARN_64_TO_32_BIT_CONVERSION = YES;
				GCC_WARN_ABOUT_RETURN_TYPE = YES_ERROR;
				GCC_WARN_UNDECLARED_SELECTOR = YES;
				GCC_WARN_UNINITIALIZED_AUTOS = YES_AGGRESSIVE;
				GCC_WARN_UNUSED_FUNCTION = YES;
				GCC_WARN_UNUSED_VARIABLE = YES;
				IPHONEOS_DEPLOYMENT_TARGET = 15.2;
				MTL_ENABLE_DEBUG_INFO = NO;
				MTL_FAST_MATH = YES;
				SDKROOT = iphoneos;
				SWIFT_COMPILATION_MODE = wholemodule;
				SWIFT_OPTIMIZATION_LEVEL = "-O";
				VALIDATE_PRODUCT = YES;
			};
			name = Release;
		};
		30DDA8AE28E231B000393AB3 /* Debug */ = {
			isa = XCBuildConfiguration;
			buildSettings = {
				ASSETCATALOG_COMPILER_APPICON_NAME = AppIcon;
				ASSETCATALOG_COMPILER_GLOBAL_ACCENT_COLOR_NAME = AccentColor;
				CODE_SIGN_STYLE = Automatic;
				CURRENT_PROJECT_VERSION = 1;
				DEVELOPMENT_ASSET_PATHS = "\"Braze/Preview Content\"";
				DEVELOPMENT_TEAM = L77873QU8Q;
				ENABLE_PREVIEWS = YES;
				GENERATE_INFOPLIST_FILE = YES;
				INFOPLIST_KEY_UIApplicationSceneManifest_Generation = YES;
				INFOPLIST_KEY_UIApplicationSupportsIndirectInputEvents = YES;
				INFOPLIST_KEY_UILaunchScreen_Generation = YES;
				INFOPLIST_KEY_UISupportedInterfaceOrientations_iPad = "UIInterfaceOrientationPortrait UIInterfaceOrientationPortraitUpsideDown UIInterfaceOrientationLandscapeLeft UIInterfaceOrientationLandscapeRight";
				INFOPLIST_KEY_UISupportedInterfaceOrientations_iPhone = "UIInterfaceOrientationPortrait UIInterfaceOrientationLandscapeLeft UIInterfaceOrientationLandscapeRight";
				LD_RUNPATH_SEARCH_PATHS = (
					"$(inherited)",
					"@executable_path/Frameworks",
				);
				MARKETING_VERSION = 1.0;
				PRODUCT_BUNDLE_IDENTIFIER = com.royaiyetin.Braze;
				PRODUCT_NAME = "$(TARGET_NAME)";
				SWIFT_EMIT_LOC_STRINGS = YES;
				SWIFT_VERSION = 5.0;
				TARGETED_DEVICE_FAMILY = "1,2";
			};
			name = Debug;
		};
		30DDA8AF28E231B000393AB3 /* Release */ = {
			isa = XCBuildConfiguration;
			buildSettings = {
				ASSETCATALOG_COMPILER_APPICON_NAME = AppIcon;
				ASSETCATALOG_COMPILER_GLOBAL_ACCENT_COLOR_NAME = AccentColor;
				CODE_SIGN_STYLE = Automatic;
				CURRENT_PROJECT_VERSION = 1;
				DEVELOPMENT_ASSET_PATHS = "\"Braze/Preview Content\"";
				DEVELOPMENT_TEAM = L77873QU8Q;
				ENABLE_PREVIEWS = YES;
				GENERATE_INFOPLIST_FILE = YES;
				INFOPLIST_KEY_UIApplicationSceneManifest_Generation = YES;
				INFOPLIST_KEY_UIApplicationSupportsIndirectInputEvents = YES;
				INFOPLIST_KEY_UILaunchScreen_Generation = YES;
				INFOPLIST_KEY_UISupportedInterfaceOrientations_iPad = "UIInterfaceOrientationPortrait UIInterfaceOrientationPortraitUpsideDown UIInterfaceOrientationLandscapeLeft UIInterfaceOrientationLandscapeRight";
				INFOPLIST_KEY_UISupportedInterfaceOrientations_iPhone = "UIInterfaceOrientationPortrait UIInterfaceOrientationLandscapeLeft UIInterfaceOrientationLandscapeRight";
				LD_RUNPATH_SEARCH_PATHS = (
					"$(inherited)",
					"@executable_path/Frameworks",
				);
				MARKETING_VERSION = 1.0;
				PRODUCT_BUNDLE_IDENTIFIER = com.royaiyetin.Braze;
				PRODUCT_NAME = "$(TARGET_NAME)";
				SWIFT_EMIT_LOC_STRINGS = YES;
				SWIFT_VERSION = 5.0;
				TARGETED_DEVICE_FAMILY = "1,2";
			};
			name = Release;
		};
		30DDA8B128E231B000393AB3 /* Debug */ = {
			isa = XCBuildConfiguration;
			buildSettings = {
				ALWAYS_EMBED_SWIFT_STANDARD_LIBRARIES = YES;
				BUNDLE_LOADER = "$(TEST_HOST)";
				CODE_SIGN_STYLE = Automatic;
				CURRENT_PROJECT_VERSION = 1;
				DEVELOPMENT_TEAM = L77873QU8Q;
				GENERATE_INFOPLIST_FILE = YES;
				IPHONEOS_DEPLOYMENT_TARGET = 15.2;
				MARKETING_VERSION = 1.0;
				PRODUCT_BUNDLE_IDENTIFIER = com.royaiyetin.BrazeTests;
				PRODUCT_NAME = "$(TARGET_NAME)";
				SWIFT_EMIT_LOC_STRINGS = NO;
				SWIFT_VERSION = 5.0;
				TARGETED_DEVICE_FAMILY = "1,2";
				TEST_HOST = "$(BUILT_PRODUCTS_DIR)/Braze.app/Braze";
			};
			name = Debug;
		};
		30DDA8B228E231B000393AB3 /* Release */ = {
			isa = XCBuildConfiguration;
			buildSettings = {
				ALWAYS_EMBED_SWIFT_STANDARD_LIBRARIES = YES;
				BUNDLE_LOADER = "$(TEST_HOST)";
				CODE_SIGN_STYLE = Automatic;
				CURRENT_PROJECT_VERSION = 1;
				DEVELOPMENT_TEAM = L77873QU8Q;
				GENERATE_INFOPLIST_FILE = YES;
				IPHONEOS_DEPLOYMENT_TARGET = 15.2;
				MARKETING_VERSION = 1.0;
				PRODUCT_BUNDLE_IDENTIFIER = com.royaiyetin.BrazeTests;
				PRODUCT_NAME = "$(TARGET_NAME)";
				SWIFT_EMIT_LOC_STRINGS = NO;
				SWIFT_VERSION = 5.0;
				TARGETED_DEVICE_FAMILY = "1,2";
				TEST_HOST = "$(BUILT_PRODUCTS_DIR)/Braze.app/Braze";
			};
			name = Release;
		};
		30DDA8B428E231B000393AB3 /* Debug */ = {
			isa = XCBuildConfiguration;
			buildSettings = {
				ALWAYS_EMBED_SWIFT_STANDARD_LIBRARIES = YES;
				CODE_SIGN_STYLE = Automatic;
				CURRENT_PROJECT_VERSION = 1;
				DEVELOPMENT_TEAM = L77873QU8Q;
				GENERATE_INFOPLIST_FILE = YES;
				MARKETING_VERSION = 1.0;
				PRODUCT_BUNDLE_IDENTIFIER = com.royaiyetin.BrazeUITests;
				PRODUCT_NAME = "$(TARGET_NAME)";
				SWIFT_EMIT_LOC_STRINGS = NO;
				SWIFT_VERSION = 5.0;
				TARGETED_DEVICE_FAMILY = "1,2";
				TEST_TARGET_NAME = Braze;
			};
			name = Debug;
		};
		30DDA8B528E231B000393AB3 /* Release */ = {
			isa = XCBuildConfiguration;
			buildSettings = {
				ALWAYS_EMBED_SWIFT_STANDARD_LIBRARIES = YES;
				CODE_SIGN_STYLE = Automatic;
				CURRENT_PROJECT_VERSION = 1;
				DEVELOPMENT_TEAM = L77873QU8Q;
				GENERATE_INFOPLIST_FILE = YES;
				MARKETING_VERSION = 1.0;
				PRODUCT_BUNDLE_IDENTIFIER = com.royaiyetin.BrazeUITests;
				PRODUCT_NAME = "$(TARGET_NAME)";
				SWIFT_EMIT_LOC_STRINGS = NO;
				SWIFT_VERSION = 5.0;
				TARGETED_DEVICE_FAMILY = "1,2";
				TEST_TARGET_NAME = Braze;
			};
			name = Release;
		};
/* End XCBuildConfiguration section */

/* Begin XCConfigurationList section */
		30DDA87F28E231A600393AB3 /* Build configuration list for PBXProject "Braze" */ = {
			isa = XCConfigurationList;
			buildConfigurations = (
				30DDA8AB28E231B000393AB3 /* Debug */,
				30DDA8AC28E231B000393AB3 /* Release */,
			);
			defaultConfigurationIsVisible = 0;
			defaultConfigurationName = Release;
		};
		30DDA8AD28E231B000393AB3 /* Build configuration list for PBXNativeTarget "Braze" */ = {
			isa = XCConfigurationList;
			buildConfigurations = (
				30DDA8AE28E231B000393AB3 /* Debug */,
				30DDA8AF28E231B000393AB3 /* Release */,
			);
			defaultConfigurationIsVisible = 0;
			defaultConfigurationName = Release;
		};
		30DDA8B028E231B000393AB3 /* Build configuration list for PBXNativeTarget "BrazeTests" */ = {
			isa = XCConfigurationList;
			buildConfigurations = (
				30DDA8B128E231B000393AB3 /* Debug */,
				30DDA8B228E231B000393AB3 /* Release */,
			);
			defaultConfigurationIsVisible = 0;
			defaultConfigurationName = Release;
		};
		30DDA8B328E231B000393AB3 /* Build configuration list for PBXNativeTarget "BrazeUITests" */ = {
			isa = XCConfigurationList;
			buildConfigurations = (
				30DDA8B428E231B000393AB3 /* Debug */,
				30DDA8B528E231B000393AB3 /* Release */,
			);
			defaultConfigurationIsVisible = 0;
			defaultConfigurationName = Release;
		};
/* End XCConfigurationList section */

/* Begin XCVersionGroup section */
		30DDA89228E231B000393AB3 /* Braze.xcdatamodeld */ = {
			isa = XCVersionGroup;
			children = (
				30DDA89328E231B000393AB3 /* Braze.xcdatamodel */,
			);
			currentVersion = 30DDA89328E231B000393AB3 /* Braze.xcdatamodel */;
			path = Braze.xcdatamodeld;
			sourceTree = "<group>";
			versionGroupType = wrapper.xcdatamodel;
		};
/* End XCVersionGroup section */
	};
	rootObject = 30DDA87C28E231A600393AB3 /* Project object */;
}
